
Microsoft Visual Studio Solution File, Format Version 12.00
# Visual Studio Version 17
VisualStudioVersion = 17.5.002.0
MinimumVisualStudioVersion = 10.0.40219.1
Project("{9A19103F-16F7-4668-BE54-9A1E7A4F7556}") = "AuthMicroservice", "AuthMicroservice.csproj", "{A9360E73-967F-4F67-9D6F-6BA9F7B65AD9}"
EndProject
Global
	GlobalSection(SolutionConfigurationPlatforms) = preSolution
		Debug|Any CPU = Debug|Any CPU
		Release|Any CPU = Release|Any CPU
	EndGlobalSection
	GlobalSection(ProjectConfigurationPlatforms) = postSolution
		{A9360E73-967F-4F67-9D6F-6BA9F7B65AD9}.Debug|Any CPU.ActiveCfg = Debug|Any CPU
		{A9360E73-967F-4F67-9D6F-6BA9F7B65AD9}.Debug|Any CPU.Build.0 = Debug|Any CPU
		{A9360E73-967F-4F67-9D6F-6BA9F7B65AD9}.Release|Any CPU.ActiveCfg = Release|Any CPU
		{A9360E73-967F-4F67-9D6F-6BA9F7B65AD9}.Release|Any CPU.Build.0 = Release|Any CPU
	EndGlobalSection
	GlobalSection(SolutionProperties) = preSolution
		HideSolutionNode = FALSE
	EndGlobalSection
	GlobalSection(ExtensibilityGlobals) = postSolution
		SolutionGuid = {F3FB3242-CAB8-4B7C-A593-1F9324F68602}
	EndGlobalSection
EndGlobal
